
Microsoft Visual Studio Solution File, Format Version 12.00
# Visual Studio Version 17
VisualStudioVersion = 17.8.34408.163
MinimumVisualStudioVersion = 10.0.40219.1
Project("{FAE04EC0-301F-11D3-BF4B-00C04F79EFBC}") = "MiParcialitoC", "MiParcialitoC.csproj", "{56F94E90-37E4-4E22-8926-97E027A0465C}"
EndProject
Global
	GlobalSection(SolutionConfigurationPlatforms) = preSolution
		Debug|Any CPU = Debug|Any CPU
		Release|Any CPU = Release|Any CPU
	EndGlobalSection
	GlobalSection(ProjectConfigurationPlatforms) = postSolution
		{56F94E90-37E4-4E22-8926-97E027A0465C}.Debug|Any CPU.ActiveCfg = Debug|Any CPU
		{56F94E90-37E4-4E22-8926-97E027A0465C}.Debug|Any CPU.Build.0 = Debug|Any CPU
		{56F94E90-37E4-4E22-8926-97E027A0465C}.Release|Any CPU.ActiveCfg = Release|Any CPU
		{56F94E90-37E4-4E22-8926-97E027A0465C}.Release|Any CPU.Build.0 = Release|Any CPU
	EndGlobalSection
	GlobalSection(SolutionProperties) = preSolution
		HideSolutionNode = FALSE
	EndGlobalSection
	GlobalSection(ExtensibilityGlobals) = postSolution
		SolutionGuid = {9534C082-FED6-42A1-AEA4-A9426A3B9613}
	EndGlobalSection
EndGlobal
